
Microsoft Visual Studio Solution File, Format Version 12.00
# Visual Studio Version 16
VisualStudioVersion = 16.0.29613.14
MinimumVisualStudioVersion = 10.0.40219.1
Project("{FAE04EC0-301F-11D3-BF4B-00C04F79EFBC}") = "TPBootstrapper", "TPBootstrapper\TPBootstrapper.csproj", "{DD5731F8-4ACA-4A9C-98E0-58319D42DEBF}"
EndProject
Global
	GlobalSection(SolutionConfigurationPlatforms) = preSolution
		Debug|Any CPU = Debug|Any CPU
		Release|Any CPU = Release|Any CPU
	EndGlobalSection
	GlobalSection(ProjectConfigurationPlatforms) = postSolution
		{DD5731F8-4ACA-4A9C-98E0-58319D42DEBF}.Debug|Any CPU.ActiveCfg = Debug|Any CPU
		{DD5731F8-4ACA-4A9C-98E0-58319D42DEBF}.Debug|Any CPU.Build.0 = Debug|Any CPU
		{DD5731F8-4ACA-4A9C-98E0-58319D42DEBF}.Release|Any CPU.ActiveCfg = Release|Any CPU
		{DD5731F8-4ACA-4A9C-98E0-58319D42DEBF}.Release|Any CPU.Build.0 = Release|Any CPU
	EndGlobalSection
	GlobalSection(SolutionProperties) = preSolution
		HideSolutionNode = FALSE
	EndGlobalSection
	GlobalSection(ExtensibilityGlobals) = postSolution
		SolutionGuid = {FF029893-5633-4618-BD5E-B26FE70E08F4}
	EndGlobalSection
EndGlobal
